%{
  "eql": {:hex, :eql, "0.1.2", "c95d7e9635a914a9c70983129f4d86dc5da70877f39f01785c274da35be45ad4", [:rebar3], [], "hexpm", "3b1a85c491d44262802058c0de97a2c90678d5d45851b88a076b1a45a8d6d4b3"},
  "libgraph": {:hex, :libgraph, "0.16.0", "3936f3eca6ef826e08880230f806bfea13193e49bf153f93edcf0239d4fd1d07", [:mix], [], "hexpm", "41ca92240e8a4138c30a7e06466acc709b0cbb795c643e9e17174a178982d6bf"},
  "pgsql": {:hex, :pgsql, "26.0.2", "0b77a5f7714aa1eea7756ef03d5f6b08455208836431dd9bbdd1f9a97fbec947", [:rebar3], [], "hexpm", "1ac82169f4db548dd5ec85299c1d4c3a83b75862f067aec15e463c4dca004038"},
  "propcheck": {:hex, :propcheck, "1.4.1", "c12908dbe6f572032928548089b34ff9d40672d5d70f1562e3a9e9058d226cc9", [:mix], [{:libgraph, "~> 0.13", [hex: :libgraph, repo: "hexpm", optional: false]}, {:proper, "~> 1.4", [hex: :proper, repo: "hexpm", optional: false]}], "hexpm", "e1b088f574785c3c7e864da16f39082d5599b3aaf89086d3f9be6adb54464b19"},
  "proper": {:hex, :proper, "1.4.0", "89a44b8c39d28bb9b4be8e4d715d534905b325470f2e0ec5e004d12484a79434", [:rebar3], [], "hexpm", "18285842185bd33efbda97d134a5cb5a0884384db36119fee0e3cfa488568cbb"},
}
